
Microsoft Visual Studio Solution File, Format Version 12.00
# Visual Studio Version 17
VisualStudioVersion = 17.7.34221.43
MinimumVisualStudioVersion = 10.0.40219.1
Project("{9A19103F-16F7-4668-BE54-9A1E7A4F7556}") = "Homework2001", "Homework2001\Homework2001.csproj", "{D9971A94-228C-4706-B7B7-D0285FC8D17F}"
EndProject
Project("{FAE04EC0-301F-11D3-BF4B-00C04F79EFBC}") = "BarcodeLibrary", "BarcodeLibrary\BarcodeLibrary.csproj", "{4BA59DC9-2AE8-466A-8417-536286BF4C45}"
EndProject
Project("{FAE04EC0-301F-11D3-BF4B-00C04F79EFBC}") = "BarcodeTest", "BarcodeTest\BarcodeTest.csproj", "{BC10BE8D-8D0B-4595-A26D-6903CDEB1706}"
EndProject
Global
	GlobalSection(SolutionConfigurationPlatforms) = preSolution
		Debug|Any CPU = Debug|Any CPU
		Release|Any CPU = Release|Any CPU
	EndGlobalSection
	GlobalSection(ProjectConfigurationPlatforms) = postSolution
		{D9971A94-228C-4706-B7B7-D0285FC8D17F}.Debug|Any CPU.ActiveCfg = Debug|Any CPU
		{D9971A94-228C-4706-B7B7-D0285FC8D17F}.Debug|Any CPU.Build.0 = Debug|Any CPU
		{D9971A94-228C-4706-B7B7-D0285FC8D17F}.Release|Any CPU.ActiveCfg = Release|Any CPU
		{D9971A94-228C-4706-B7B7-D0285FC8D17F}.Release|Any CPU.Build.0 = Release|Any CPU
		{4BA59DC9-2AE8-466A-8417-536286BF4C45}.Debug|Any CPU.ActiveCfg = Debug|Any CPU
		{4BA59DC9-2AE8-466A-8417-536286BF4C45}.Debug|Any CPU.Build.0 = Debug|Any CPU
		{4BA59DC9-2AE8-466A-8417-536286BF4C45}.Release|Any CPU.ActiveCfg = Release|Any CPU
		{4BA59DC9-2AE8-466A-8417-536286BF4C45}.Release|Any CPU.Build.0 = Release|Any CPU
		{BC10BE8D-8D0B-4595-A26D-6903CDEB1706}.Debug|Any CPU.ActiveCfg = Debug|Any CPU
		{BC10BE8D-8D0B-4595-A26D-6903CDEB1706}.Debug|Any CPU.Build.0 = Debug|Any CPU
		{BC10BE8D-8D0B-4595-A26D-6903CDEB1706}.Release|Any CPU.ActiveCfg = Release|Any CPU
		{BC10BE8D-8D0B-4595-A26D-6903CDEB1706}.Release|Any CPU.Build.0 = Release|Any CPU
	EndGlobalSection
	GlobalSection(SolutionProperties) = preSolution
		HideSolutionNode = FALSE
	EndGlobalSection
	GlobalSection(ExtensibilityGlobals) = postSolution
		SolutionGuid = {36926835-776F-40A7-8855-660DDAFEBC82}
	EndGlobalSection
EndGlobal
